// !$*UTF8*$!
{
	archiveVersion = 1;
	classes = {
	};
	objectVersion = 56;
	objects = {

/* Begin PBXBuildFile section */
		C199485F29FF6A7B004CD4A1 /* TrustyLibApp.swift in Sources */ = {isa = PBXBuildFile; fileRef = C199485E29FF6A7B004CD4A1 /* TrustyLibApp.swift */; };
		C199486129FF6A7B004CD4A1 /* HomeView.swift in Sources */ = {isa = PBXBuildFile; fileRef = C199486029FF6A7B004CD4A1 /* HomeView.swift */; };
		C199486329FF6A7B004CD4A1 /* Assets.xcassets in Resources */ = {isa = PBXBuildFile; fileRef = C199486229FF6A7B004CD4A1 /* Assets.xcassets */; };
		C199486629FF6A7B004CD4A1 /* Preview Assets.xcassets in Resources */ = {isa = PBXBuildFile; fileRef = C199486529FF6A7B004CD4A1 /* Preview Assets.xcassets */; };
		C199487029FF6A7B004CD4A1 /* TrustyLibTests.swift in Sources */ = {isa = PBXBuildFile; fileRef = C199486F29FF6A7B004CD4A1 /* TrustyLibTests.swift */; };
		C199487A29FF6A7B004CD4A1 /* TrustyLibUITests.swift in Sources */ = {isa = PBXBuildFile; fileRef = C199487929FF6A7B004CD4A1 /* TrustyLibUITests.swift */; };
		C199487C29FF6A7B004CD4A1 /* TrustyLibUITestsLaunchTests.swift in Sources */ = {isa = PBXBuildFile; fileRef = C199487B29FF6A7B004CD4A1 /* TrustyLibUITestsLaunchTests.swift */; };
		C199488E29FF9758004CD4A1 /* LaunchScreen.storyboard in Resources */ = {isa = PBXBuildFile; fileRef = C199488D29FF9758004CD4A1 /* LaunchScreen.storyboard */; };
		C199489129FF98F3004CD4A1 /* Color + TSColor.swift in Sources */ = {isa = PBXBuildFile; fileRef = C199489029FF98F3004CD4A1 /* Color + TSColor.swift */; };
		C199489329FF9EB0004CD4A1 /* WidgetType.swift in Sources */ = {isa = PBXBuildFile; fileRef = C199489229FF9EB0004CD4A1 /* WidgetType.swift */; };
		C199489529FF9F7F004CD4A1 /* HomeViewModel.swift in Sources */ = {isa = PBXBuildFile; fileRef = C199489429FF9F7F004CD4A1 /* HomeViewModel.swift */; };
		C199489729FFA035004CD4A1 /* WidgetAlignment.swift in Sources */ = {isa = PBXBuildFile; fileRef = C199489629FFA035004CD4A1 /* WidgetAlignment.swift */; };
		C199489929FFA0FB004CD4A1 /* WidgetModel.swift in Sources */ = {isa = PBXBuildFile; fileRef = C199489829FFA0FB004CD4A1 /* WidgetModel.swift */; };
		C199489B29FFA5FE004CD4A1 /* TsId.swift in Sources */ = {isa = PBXBuildFile; fileRef = C199489A29FFA5FE004CD4A1 /* TsId.swift */; };
		C199489D29FFA60C004CD4A1 /* Channel.swift in Sources */ = {isa = PBXBuildFile; fileRef = C199489C29FFA60C004CD4A1 /* Channel.swift */; };
		C199489F29FFA617004CD4A1 /* Product.swift in Sources */ = {isa = PBXBuildFile; fileRef = C199489E29FFA617004CD4A1 /* Product.swift */; };
		C19948A12A0020D8004CD4A1 /* TrustbadgeConfiguration.plist in Resources */ = {isa = PBXBuildFile; fileRef = C19948A02A0020D8004CD4A1 /* TrustbadgeConfiguration.plist */; };
		C19948A42A002157004CD4A1 /* Trustylib in Frameworks */ = {isa = PBXBuildFile; productRef = C19948A32A002157004CD4A1 /* Trustylib */; };
		C19948A62A00217A004CD4A1 /* TrustbadgeWidget.swift in Sources */ = {isa = PBXBuildFile; fileRef = C19948A52A00217A004CD4A1 /* TrustbadgeWidget.swift */; };
/* End PBXBuildFile section */

/* Begin PBXContainerItemProxy section */
		C199486C29FF6A7B004CD4A1 /* PBXContainerItemProxy */ = {
			isa = PBXContainerItemProxy;
			containerPortal = C199485329FF6A7B004CD4A1 /* Project object */;
			proxyType = 1;
			remoteGlobalIDString = C199485A29FF6A7B004CD4A1;
			remoteInfo = TrustyLib;
		};
		C199487629FF6A7B004CD4A1 /* PBXContainerItemProxy */ = {
			isa = PBXContainerItemProxy;
			containerPortal = C199485329FF6A7B004CD4A1 /* Project object */;
			proxyType = 1;
			remoteGlobalIDString = C199485A29FF6A7B004CD4A1;
			remoteInfo = TrustyLib;
		};
/* End PBXContainerItemProxy section */

/* Begin PBXFileReference section */
		C199485B29FF6A7B004CD4A1 /* TrustyLibDemo.app */ = {isa = PBXFileReference; explicitFileType = wrapper.application; includeInIndex = 0; path = TrustyLibDemo.app; sourceTree = BUILT_PRODUCTS_DIR; };
		C199485E29FF6A7B004CD4A1 /* TrustyLibApp.swift */ = {isa = PBXFileReference; lastKnownFileType = sourcecode.swift; path = TrustyLibApp.swift; sourceTree = "<group>"; };
		C199486029FF6A7B004CD4A1 /* HomeView.swift */ = {isa = PBXFileReference; lastKnownFileType = sourcecode.swift; path = HomeView.swift; sourceTree = "<group>"; };
		C199486229FF6A7B004CD4A1 /* Assets.xcassets */ = {isa = PBXFileReference; lastKnownFileType = folder.assetcatalog; path = Assets.xcassets; sourceTree = "<group>"; };
		C199486529FF6A7B004CD4A1 /* Preview Assets.xcassets */ = {isa = PBXFileReference; lastKnownFileType = folder.assetcatalog; path = "Preview Assets.xcassets"; sourceTree = "<group>"; };
		C199486B29FF6A7B004CD4A1 /* TrustyLibTests.xctest */ = {isa = PBXFileReference; explicitFileType = wrapper.cfbundle; includeInIndex = 0; path = TrustyLibTests.xctest; sourceTree = BUILT_PRODUCTS_DIR; };
		C199486F29FF6A7B004CD4A1 /* TrustyLibTests.swift */ = {isa = PBXFileReference; lastKnownFileType = sourcecode.swift; path = TrustyLibTests.swift; sourceTree = "<group>"; };
		C199487529FF6A7B004CD4A1 /* TrustyLibUITests.xctest */ = {isa = PBXFileReference; explicitFileType = wrapper.cfbundle; includeInIndex = 0; path = TrustyLibUITests.xctest; sourceTree = BUILT_PRODUCTS_DIR; };
		C199487929FF6A7B004CD4A1 /* TrustyLibUITests.swift */ = {isa = PBXFileReference; lastKnownFileType = sourcecode.swift; path = TrustyLibUITests.swift; sourceTree = "<group>"; };
		C199487B29FF6A7B004CD4A1 /* TrustyLibUITestsLaunchTests.swift */ = {isa = PBXFileReference; lastKnownFileType = sourcecode.swift; path = TrustyLibUITestsLaunchTests.swift; sourceTree = "<group>"; };
		C199488D29FF9758004CD4A1 /* LaunchScreen.storyboard */ = {isa = PBXFileReference; lastKnownFileType = file.storyboard; path = LaunchScreen.storyboard; sourceTree = "<group>"; };
		C199489029FF98F3004CD4A1 /* Color + TSColor.swift */ = {isa = PBXFileReference; lastKnownFileType = sourcecode.swift; path = "Color + TSColor.swift"; sourceTree = "<group>"; };
		C199489229FF9EB0004CD4A1 /* WidgetType.swift */ = {isa = PBXFileReference; lastKnownFileType = sourcecode.swift; path = WidgetType.swift; sourceTree = "<group>"; };
		C199489429FF9F7F004CD4A1 /* HomeViewModel.swift */ = {isa = PBXFileReference; lastKnownFileType = sourcecode.swift; path = HomeViewModel.swift; sourceTree = "<group>"; };
		C199489629FFA035004CD4A1 /* WidgetAlignment.swift */ = {isa = PBXFileReference; lastKnownFileType = sourcecode.swift; path = WidgetAlignment.swift; sourceTree = "<group>"; };
		C199489829FFA0FB004CD4A1 /* WidgetModel.swift */ = {isa = PBXFileReference; lastKnownFileType = sourcecode.swift; path = WidgetModel.swift; sourceTree = "<group>"; };
		C199489A29FFA5FE004CD4A1 /* TsId.swift */ = {isa = PBXFileReference; lastKnownFileType = sourcecode.swift; path = TsId.swift; sourceTree = "<group>"; };
		C199489C29FFA60C004CD4A1 /* Channel.swift */ = {isa = PBXFileReference; lastKnownFileType = sourcecode.swift; path = Channel.swift; sourceTree = "<group>"; };
		C199489E29FFA617004CD4A1 /* Product.swift */ = {isa = PBXFileReference; lastKnownFileType = sourcecode.swift; path = Product.swift; sourceTree = "<group>"; };
		C19948A02A0020D8004CD4A1 /* TrustbadgeConfiguration.plist */ = {isa = PBXFileReference; fileEncoding = 4; lastKnownFileType = text.plist.xml; path = TrustbadgeConfiguration.plist; sourceTree = "<group>"; };
		C19948A52A00217A004CD4A1 /* TrustbadgeWidget.swift */ = {isa = PBXFileReference; lastKnownFileType = sourcecode.swift; path = TrustbadgeWidget.swift; sourceTree = "<group>"; };
/* End PBXFileReference section */

/* Begin PBXFrameworksBuildPhase section */
		C199485829FF6A7B004CD4A1 /* Frameworks */ = {
			isa = PBXFrameworksBuildPhase;
			buildActionMask = 2147483647;
			files = (
				C19948A42A002157004CD4A1 /* Trustylib in Frameworks */,
			);
			runOnlyForDeploymentPostprocessing = 0;
		};
		C199486829FF6A7B004CD4A1 /* Frameworks */ = {
			isa = PBXFrameworksBuildPhase;
			buildActionMask = 2147483647;
			files = (
			);
			runOnlyForDeploymentPostprocessing = 0;
		};
		C199487229FF6A7B004CD4A1 /* Frameworks */ = {
			isa = PBXFrameworksBuildPhase;
			buildActionMask = 2147483647;
			files = (
			);
			runOnlyForDeploymentPostprocessing = 0;
		};
/* End PBXFrameworksBuildPhase section */

/* Begin PBXGroup section */
		C199485229FF6A7B004CD4A1 = {
			isa = PBXGroup;
			children = (
				C199485D29FF6A7B004CD4A1 /* TrustyLib */,
				C199486E29FF6A7B004CD4A1 /* TrustyLibTests */,
				C199487829FF6A7B004CD4A1 /* TrustyLibUITests */,
				C199485C29FF6A7B004CD4A1 /* Products */,
			);
			sourceTree = "<group>";
		};
		C199485C29FF6A7B004CD4A1 /* Products */ = {
			isa = PBXGroup;
			children = (
				C199485B29FF6A7B004CD4A1 /* TrustyLibDemo.app */,
				C199486B29FF6A7B004CD4A1 /* TrustyLibTests.xctest */,
				C199487529FF6A7B004CD4A1 /* TrustyLibUITests.xctest */,
			);
			name = Products;
			sourceTree = "<group>";
		};
		C199485D29FF6A7B004CD4A1 /* TrustyLib */ = {
			isa = PBXGroup;
			children = (
				C199488829FF6A93004CD4A1 /* Application */,
				C199488929FF6A9B004CD4A1 /* Views */,
				C199488B29FF6AA8004CD4A1 /* Models */,
				C199488A29FF6AA0004CD4A1 /* ViewModels */,
				C199486429FF6A7B004CD4A1 /* Preview Content */,
			);
			path = TrustyLib;
			sourceTree = "<group>";
		};
		C199486429FF6A7B004CD4A1 /* Preview Content */ = {
			isa = PBXGroup;
			children = (
				C199486529FF6A7B004CD4A1 /* Preview Assets.xcassets */,
			);
			path = "Preview Content";
			sourceTree = "<group>";
		};
		C199486E29FF6A7B004CD4A1 /* TrustyLibTests */ = {
			isa = PBXGroup;
			children = (
				C199486F29FF6A7B004CD4A1 /* TrustyLibTests.swift */,
			);
			path = TrustyLibTests;
			sourceTree = "<group>";
		};
		C199487829FF6A7B004CD4A1 /* TrustyLibUITests */ = {
			isa = PBXGroup;
			children = (
				C199487929FF6A7B004CD4A1 /* TrustyLibUITests.swift */,
				C199487B29FF6A7B004CD4A1 /* TrustyLibUITestsLaunchTests.swift */,
			);
			path = TrustyLibUITests;
			sourceTree = "<group>";
		};
		C199488829FF6A93004CD4A1 /* Application */ = {
			isa = PBXGroup;
			children = (
				C19948A02A0020D8004CD4A1 /* TrustbadgeConfiguration.plist */,
				C199485E29FF6A7B004CD4A1 /* TrustyLibApp.swift */,
			);
			path = Application;
			sourceTree = "<group>";
		};
		C199488929FF6A9B004CD4A1 /* Views */ = {
			isa = PBXGroup;
			children = (
				C199488F29FF98E5004CD4A1 /* Extensions */,
				C199488C29FF6AB8004CD4A1 /* Assets */,
				C199486029FF6A7B004CD4A1 /* HomeView.swift */,
				C19948A52A00217A004CD4A1 /* TrustbadgeWidget.swift */,
			);
			path = Views;
			sourceTree = "<group>";
		};
		C199488A29FF6AA0004CD4A1 /* ViewModels */ = {
			isa = PBXGroup;
			children = (
				C199489429FF9F7F004CD4A1 /* HomeViewModel.swift */,
			);
			path = ViewModels;
			sourceTree = "<group>";
		};
		C199488B29FF6AA8004CD4A1 /* Models */ = {
			isa = PBXGroup;
			children = (
				C199489229FF9EB0004CD4A1 /* WidgetType.swift */,
				C199489629FFA035004CD4A1 /* WidgetAlignment.swift */,
				C199489829FFA0FB004CD4A1 /* WidgetModel.swift */,
				C199489A29FFA5FE004CD4A1 /* TsId.swift */,
				C199489C29FFA60C004CD4A1 /* Channel.swift */,
				C199489E29FFA617004CD4A1 /* Product.swift */,
			);
			path = Models;
			sourceTree = "<group>";
		};
		C199488C29FF6AB8004CD4A1 /* Assets */ = {
			isa = PBXGroup;
			children = (
				C199486229FF6A7B004CD4A1 /* Assets.xcassets */,
				C199488D29FF9758004CD4A1 /* LaunchScreen.storyboard */,
			);
			path = Assets;
			sourceTree = "<group>";
		};
		C199488F29FF98E5004CD4A1 /* Extensions */ = {
			isa = PBXGroup;
			children = (
				C199489029FF98F3004CD4A1 /* Color + TSColor.swift */,
			);
			path = Extensions;
			sourceTree = "<group>";
		};
/* End PBXGroup section */

/* Begin PBXNativeTarget section */
		C199485A29FF6A7B004CD4A1 /* TrustyLibDemo */ = {
			isa = PBXNativeTarget;
			buildConfigurationList = C199487F29FF6A7B004CD4A1 /* Build configuration list for PBXNativeTarget "TrustyLibDemo" */;
			buildPhases = (
				C199485729FF6A7B004CD4A1 /* Sources */,
				C199485829FF6A7B004CD4A1 /* Frameworks */,
				C199485929FF6A7B004CD4A1 /* Resources */,
			);
			buildRules = (
			);
			dependencies = (
			);
			name = TrustyLibDemo;
			packageProductDependencies = (
				C19948A32A002157004CD4A1 /* Trustylib */,
			);
			productName = TrustyLib;
			productReference = C199485B29FF6A7B004CD4A1 /* TrustyLibDemo.app */;
			productType = "com.apple.product-type.application";
		};
		C199486A29FF6A7B004CD4A1 /* TrustyLibTests */ = {
			isa = PBXNativeTarget;
			buildConfigurationList = C199488229FF6A7B004CD4A1 /* Build configuration list for PBXNativeTarget "TrustyLibTests" */;
			buildPhases = (
				C199486729FF6A7B004CD4A1 /* Sources */,
				C199486829FF6A7B004CD4A1 /* Frameworks */,
				C199486929FF6A7B004CD4A1 /* Resources */,
			);
			buildRules = (
			);
			dependencies = (
				C199486D29FF6A7B004CD4A1 /* PBXTargetDependency */,
			);
			name = TrustyLibTests;
			productName = TrustyLibTests;
			productReference = C199486B29FF6A7B004CD4A1 /* TrustyLibTests.xctest */;
			productType = "com.apple.product-type.bundle.unit-test";
		};
		C199487429FF6A7B004CD4A1 /* TrustyLibUITests */ = {
			isa = PBXNativeTarget;
			buildConfigurationList = C199488529FF6A7B004CD4A1 /* Build configuration list for PBXNativeTarget "TrustyLibUITests" */;
			buildPhases = (
				C199487129FF6A7B004CD4A1 /* Sources */,
				C199487229FF6A7B004CD4A1 /* Frameworks */,
				C199487329FF6A7B004CD4A1 /* Resources */,
			);
			buildRules = (
			);
			dependencies = (
				C199487729FF6A7B004CD4A1 /* PBXTargetDependency */,
			);
			name = TrustyLibUITests;
			productName = TrustyLibUITests;
			productReference = C199487529FF6A7B004CD4A1 /* TrustyLibUITests.xctest */;
			productType = "com.apple.product-type.bundle.ui-testing";
		};
/* End PBXNativeTarget section */

/* Begin PBXProject section */
		C199485329FF6A7B004CD4A1 /* Project object */ = {
			isa = PBXProject;
			attributes = {
				BuildIndependentTargetsInParallel = 1;
				LastSwiftUpdateCheck = 1430;
				LastUpgradeCheck = 1430;
				TargetAttributes = {
					C199485A29FF6A7B004CD4A1 = {
						CreatedOnToolsVersion = 14.3;
					};
					C199486A29FF6A7B004CD4A1 = {
						CreatedOnToolsVersion = 14.3;
						TestTargetID = C199485A29FF6A7B004CD4A1;
					};
					C199487429FF6A7B004CD4A1 = {
						CreatedOnToolsVersion = 14.3;
						TestTargetID = C199485A29FF6A7B004CD4A1;
					};
				};
			};
			buildConfigurationList = C199485629FF6A7B004CD4A1 /* Build configuration list for PBXProject "TrustyLib" */;
			compatibilityVersion = "Xcode 14.0";
			developmentRegion = en;
			hasScannedForEncodings = 0;
			knownRegions = (
				en,
				Base,
			);
			mainGroup = C199485229FF6A7B004CD4A1;
			packageReferences = (
				C19948A22A002157004CD4A1 /* XCRemoteSwiftPackageReference "etrusted-ios-trustbadge-library" */,
			);
			productRefGroup = C199485C29FF6A7B004CD4A1 /* Products */;
			projectDirPath = "";
			projectRoot = "";
			targets = (
				C199485A29FF6A7B004CD4A1 /* TrustyLibDemo */,
				C199486A29FF6A7B004CD4A1 /* TrustyLibTests */,
				C199487429FF6A7B004CD4A1 /* TrustyLibUITests */,
			);
		};
/* End PBXProject section */

/* Begin PBXResourcesBuildPhase section */
		C199485929FF6A7B004CD4A1 /* Resources */ = {
			isa = PBXResourcesBuildPhase;
			buildActionMask = 2147483647;
			files = (
				C19948A12A0020D8004CD4A1 /* TrustbadgeConfiguration.plist in Resources */,
				C199488E29FF9758004CD4A1 /* LaunchScreen.storyboard in Resources */,
				C199486629FF6A7B004CD4A1 /* Preview Assets.xcassets in Resources */,
				C199486329FF6A7B004CD4A1 /* Assets.xcassets in Resources */,
			);
			runOnlyForDeploymentPostprocessing = 0;
		};
		C199486929FF6A7B004CD4A1 /* Resources */ = {
			isa = PBXResourcesBuildPhase;
			buildActionMask = 2147483647;
			files = (
			);
			runOnlyForDeploymentPostprocessing = 0;
		};
		C199487329FF6A7B004CD4A1 /* Resources */ = {
			isa = PBXResourcesBuildPhase;
			buildActionMask = 2147483647;
			files = (
			);
			runOnlyForDeploymentPostprocessing = 0;
		};
/* End PBXResourcesBuildPhase section */

/* Begin PBXSourcesBuildPhase section */
		C199485729FF6A7B004CD4A1 /* Sources */ = {
			isa = PBXSourcesBuildPhase;
			buildActionMask = 2147483647;
			files = (
				C199486129FF6A7B004CD4A1 /* HomeView.swift in Sources */,
				C199489D29FFA60C004CD4A1 /* Channel.swift in Sources */,
				C199489F29FFA617004CD4A1 /* Product.swift in Sources */,
				C199489929FFA0FB004CD4A1 /* WidgetModel.swift in Sources */,
				C199489329FF9EB0004CD4A1 /* WidgetType.swift in Sources */,
				C199489129FF98F3004CD4A1 /* Color + TSColor.swift in Sources */,
				C199489529FF9F7F004CD4A1 /* HomeViewModel.swift in Sources */,
				C199489B29FFA5FE004CD4A1 /* TsId.swift in Sources */,
				C199485F29FF6A7B004CD4A1 /* TrustyLibApp.swift in Sources */,
				C19948A62A00217A004CD4A1 /* TrustbadgeWidget.swift in Sources */,
				C199489729FFA035004CD4A1 /* WidgetAlignment.swift in Sources */,
			);
			runOnlyForDeploymentPostprocessing = 0;
		};
		C199486729FF6A7B004CD4A1 /* Sources */ = {
			isa = PBXSourcesBuildPhase;
			buildActionMask = 2147483647;
			files = (
				C199487029FF6A7B004CD4A1 /* TrustyLibTests.swift in Sources */,
			);
			runOnlyForDeploymentPostprocessing = 0;
		};
		C199487129FF6A7B004CD4A1 /* Sources */ = {
			isa = PBXSourcesBuildPhase;
			buildActionMask = 2147483647;
			files = (
				C199487A29FF6A7B004CD4A1 /* TrustyLibUITests.swift in Sources */,
				C199487C29FF6A7B004CD4A1 /* TrustyLibUITestsLaunchTests.swift in Sources */,
			);
			runOnlyForDeploymentPostprocessing = 0;
		};
/* End PBXSourcesBuildPhase section */

/* Begin PBXTargetDependency section */
		C199486D29FF6A7B004CD4A1 /* PBXTargetDependency */ = {
			isa = PBXTargetDependency;
			target = C199485A29FF6A7B004CD4A1 /* TrustyLibDemo */;
			targetProxy = C199486C29FF6A7B004CD4A1 /* PBXContainerItemProxy */;
		};
		C199487729FF6A7B004CD4A1 /* PBXTargetDependency */ = {
			isa = PBXTargetDependency;
			target = C199485A29FF6A7B004CD4A1 /* TrustyLibDemo */;
			targetProxy = C199487629FF6A7B004CD4A1 /* PBXContainerItemProxy */;
		};
/* End PBXTargetDependency section */

/* Begin XCBuildConfiguration section */
		C199487D29FF6A7B004CD4A1 /* Debug */ = {
			isa = XCBuildConfiguration;
			buildSettings = {
				ALWAYS_SEARCH_USER_PATHS = NO;
				CLANG_ANALYZER_NONNULL = YES;
				CLANG_ANALYZER_NUMBER_OBJECT_CONVERSION = YES_AGGRESSIVE;
				CLANG_CXX_LANGUAGE_STANDARD = "gnu++20";
				CLANG_ENABLE_MODULES = YES;
				CLANG_ENABLE_OBJC_ARC = YES;
				CLANG_ENABLE_OBJC_WEAK = YES;
				CLANG_WARN_BLOCK_CAPTURE_AUTORELEASING = YES;
				CLANG_WARN_BOOL_CONVERSION = YES;
				CLANG_WARN_COMMA = YES;
				CLANG_WARN_CONSTANT_CONVERSION = YES;
				CLANG_WARN_DEPRECATED_OBJC_IMPLEMENTATIONS = YES;
				CLANG_WARN_DIRECT_OBJC_ISA_USAGE = YES_ERROR;
				CLANG_WARN_DOCUMENTATION_COMMENTS = YES;
				CLANG_WARN_EMPTY_BODY = YES;
				CLANG_WARN_ENUM_CONVERSION = YES;
				CLANG_WARN_INFINITE_RECURSION = YES;
				CLANG_WARN_INT_CONVERSION = YES;
				CLANG_WARN_NON_LITERAL_NULL_CONVERSION = YES;
				CLANG_WARN_OBJC_IMPLICIT_RETAIN_SELF = YES;
				CLANG_WARN_OBJC_LITERAL_CONVERSION = YES;
				CLANG_WARN_OBJC_ROOT_CLASS = YES_ERROR;
				CLANG_WARN_QUOTED_INCLUDE_IN_FRAMEWORK_HEADER = YES;
				CLANG_WARN_RANGE_LOOP_ANALYSIS = YES;
				CLANG_WARN_STRICT_PROTOTYPES = YES;
				CLANG_WARN_SUSPICIOUS_MOVE = YES;
				CLANG_WARN_UNGUARDED_AVAILABILITY = YES_AGGRESSIVE;
				CLANG_WARN_UNREACHABLE_CODE = YES;
				CLANG_WARN__DUPLICATE_METHOD_MATCH = YES;
				COPY_PHASE_STRIP = NO;
				DEBUG_INFORMATION_FORMAT = dwarf;
				ENABLE_STRICT_OBJC_MSGSEND = YES;
				ENABLE_TESTABILITY = YES;
				GCC_C_LANGUAGE_STANDARD = gnu11;
				GCC_DYNAMIC_NO_PIC = NO;
				GCC_NO_COMMON_BLOCKS = YES;
				GCC_OPTIMIZATION_LEVEL = 0;
				GCC_PREPROCESSOR_DEFINITIONS = (
					"DEBUG=1",
					"$(inherited)",
				);
				GCC_WARN_64_TO_32_BIT_CONVERSION = YES;
				GCC_WARN_ABOUT_RETURN_TYPE = YES_ERROR;
				GCC_WARN_UNDECLARED_SELECTOR = YES;
				GCC_WARN_UNINITIALIZED_AUTOS = YES_AGGRESSIVE;
				GCC_WARN_UNUSED_FUNCTION = YES;
				GCC_WARN_UNUSED_VARIABLE = YES;
				IPHONEOS_DEPLOYMENT_TARGET = 16.4;
				MTL_ENABLE_DEBUG_INFO = INCLUDE_SOURCE;
				MTL_FAST_MATH = YES;
				ONLY_ACTIVE_ARCH = YES;
				SDKROOT = iphoneos;
				SWIFT_ACTIVE_COMPILATION_CONDITIONS = DEBUG;
				SWIFT_OPTIMIZATION_LEVEL = "-Onone";
			};
			name = Debug;
		};
		C199487E29FF6A7B004CD4A1 /* Release */ = {
			isa = XCBuildConfiguration;
			buildSettings = {
				ALWAYS_SEARCH_USER_PATHS = NO;
				CLANG_ANALYZER_NONNULL = YES;
				CLANG_ANALYZER_NUMBER_OBJECT_CONVERSION = YES_AGGRESSIVE;
				CLANG_CXX_LANGUAGE_STANDARD = "gnu++20";
				CLANG_ENABLE_MODULES = YES;
				CLANG_ENABLE_OBJC_ARC = YES;
				CLANG_ENABLE_OBJC_WEAK = YES;
				CLANG_WARN_BLOCK_CAPTURE_AUTORELEASING = YES;
				CLANG_WARN_BOOL_CONVERSION = YES;
				CLANG_WARN_COMMA = YES;
				CLANG_WARN_CONSTANT_CONVERSION = YES;
				CLANG_WARN_DEPRECATED_OBJC_IMPLEMENTATIONS = YES;
				CLANG_WARN_DIRECT_OBJC_ISA_USAGE = YES_ERROR;
				CLANG_WARN_DOCUMENTATION_COMMENTS = YES;
				CLANG_WARN_EMPTY_BODY = YES;
				CLANG_WARN_ENUM_CONVERSION = YES;
				CLANG_WARN_INFINITE_RECURSION = YES;
				CLANG_WARN_INT_CONVERSION = YES;
				CLANG_WARN_NON_LITERAL_NULL_CONVERSION = YES;
				CLANG_WARN_OBJC_IMPLICIT_RETAIN_SELF = YES;
				CLANG_WARN_OBJC_LITERAL_CONVERSION = YES;
				CLANG_WARN_OBJC_ROOT_CLASS = YES_ERROR;
				CLANG_WARN_QUOTED_INCLUDE_IN_FRAMEWORK_HEADER = YES;
				CLANG_WARN_RANGE_LOOP_ANALYSIS = YES;
				CLANG_WARN_STRICT_PROTOTYPES = YES;
				CLANG_WARN_SUSPICIOUS_MOVE = YES;
				CLANG_WARN_UNGUARDED_AVAILABILITY = YES_AGGRESSIVE;
				CLANG_WARN_UNREACHABLE_CODE = YES;
				CLANG_WARN__DUPLICATE_METHOD_MATCH = YES;
				COPY_PHASE_STRIP = NO;
				DEBUG_INFORMATION_FORMAT = "dwarf-with-dsym";
				ENABLE_NS_ASSERTIONS = NO;
				ENABLE_STRICT_OBJC_MSGSEND = YES;
				GCC_C_LANGUAGE_STANDARD = gnu11;
				GCC_NO_COMMON_BLOCKS = YES;
				GCC_WARN_64_TO_32_BIT_CONVERSION = YES;
				GCC_WARN_ABOUT_RETURN_TYPE = YES_ERROR;
				GCC_WARN_UNDECLARED_SELECTOR = YES;
				GCC_WARN_UNINITIALIZED_AUTOS = YES_AGGRESSIVE;
				GCC_WARN_UNUSED_FUNCTION = YES;
				GCC_WARN_UNUSED_VARIABLE = YES;
				IPHONEOS_DEPLOYMENT_TARGET = 16.4;
				MTL_ENABLE_DEBUG_INFO = NO;
				MTL_FAST_MATH = YES;
				SDKROOT = iphoneos;
				SWIFT_COMPILATION_MODE = wholemodule;
				SWIFT_OPTIMIZATION_LEVEL = "-O";
				VALIDATE_PRODUCT = YES;
			};
			name = Release;
		};
		C199488029FF6A7B004CD4A1 /* Debug */ = {
			isa = XCBuildConfiguration;
			buildSettings = {
				ASSETCATALOG_COMPILER_APPICON_NAME = AppIcon;
				ASSETCATALOG_COMPILER_GLOBAL_ACCENT_COLOR_NAME = AccentColor;
				CODE_SIGN_STYLE = Automatic;
				CURRENT_PROJECT_VERSION = 3;
				DEVELOPMENT_ASSET_PATHS = "\"TrustyLib/Preview Content\"";
				DEVELOPMENT_TEAM = SP56HZ86QA;
				ENABLE_PREVIEWS = YES;
				GENERATE_INFOPLIST_FILE = YES;
				INFOPLIST_KEY_CFBundleDisplayName = TrustyLib;
				INFOPLIST_KEY_LSApplicationCategoryType = "public.app-category.developer-tools";
				INFOPLIST_KEY_UIApplicationSceneManifest_Generation = YES;
				INFOPLIST_KEY_UIApplicationSupportsIndirectInputEvents = YES;
				INFOPLIST_KEY_UILaunchScreen_Generation = YES;
				INFOPLIST_KEY_UILaunchStoryboardName = LaunchScreen;
				INFOPLIST_KEY_UISupportedInterfaceOrientations = UIInterfaceOrientationPortrait;
				INFOPLIST_KEY_UISupportedInterfaceOrientations_iPad = "UIInterfaceOrientationLandscapeLeft UIInterfaceOrientationLandscapeRight UIInterfaceOrientationPortrait UIInterfaceOrientationPortraitUpsideDown";
				IPHONEOS_DEPLOYMENT_TARGET = 16.0;
				LD_RUNPATH_SEARCH_PATHS = (
					"$(inherited)",
					"@executable_path/Frameworks",
				);
				MARKETING_VERSION = 1.0;
				PRODUCT_BUNDLE_IDENTIFIER = com.etrusted.ios.trustylib.example;
				PRODUCT_NAME = "$(TARGET_NAME)";
				SUPPORTED_PLATFORMS = "iphoneos iphonesimulator";
				SUPPORTS_MACCATALYST = NO;
				SUPPORTS_MAC_DESIGNED_FOR_IPHONE_IPAD = NO;
				SWIFT_EMIT_LOC_STRINGS = YES;
				SWIFT_VERSION = 5.0;
				TARGETED_DEVICE_FAMILY = 1;
			};
			name = Debug;
		};
		C199488129FF6A7B004CD4A1 /* Release */ = {
			isa = XCBuildConfiguration;
			buildSettings = {
				ASSETCATALOG_COMPILER_APPICON_NAME = AppIcon;
				ASSETCATALOG_COMPILER_GLOBAL_ACCENT_COLOR_NAME = AccentColor;
				CODE_SIGN_STYLE = Automatic;
				CURRENT_PROJECT_VERSION = 3;
				DEVELOPMENT_ASSET_PATHS = "\"TrustyLib/Preview Content\"";
				DEVELOPMENT_TEAM = SP56HZ86QA;
				ENABLE_PREVIEWS = YES;
				GENERATE_INFOPLIST_FILE = YES;
				INFOPLIST_KEY_CFBundleDisplayName = TrustyLib;
				INFOPLIST_KEY_LSApplicationCategoryType = "public.app-category.developer-tools";
				INFOPLIST_KEY_UIApplicationSceneManifest_Generation = YES;
				INFOPLIST_KEY_UIApplicationSupportsIndirectInputEvents = YES;
				INFOPLIST_KEY_UILaunchScreen_Generation = YES;
				INFOPLIST_KEY_UILaunchStoryboardName = LaunchScreen;
				INFOPLIST_KEY_UISupportedInterfaceOrientations = UIInterfaceOrientationPortrait;
				INFOPLIST_KEY_UISupportedInterfaceOrientations_iPad = "UIInterfaceOrientationLandscapeLeft UIInterfaceOrientationLandscapeRight UIInterfaceOrientationPortrait UIInterfaceOrientationPortraitUpsideDown";
				IPHONEOS_DEPLOYMENT_TARGET = 16.0;
				LD_RUNPATH_SEARCH_PATHS = (
					"$(inherited)",
					"@executable_path/Frameworks",
				);
				MARKETING_VERSION = 1.0;
				PRODUCT_BUNDLE_IDENTIFIER = com.etrusted.ios.trustylib.example;
				PRODUCT_NAME = "$(TARGET_NAME)";
				SUPPORTED_PLATFORMS = "iphoneos iphonesimulator";
				SUPPORTS_MACCATALYST = NO;
				SUPPORTS_MAC_DESIGNED_FOR_IPHONE_IPAD = NO;
				SWIFT_EMIT_LOC_STRINGS = YES;
				SWIFT_VERSION = 5.0;
				TARGETED_DEVICE_FAMILY = 1;
			};
			name = Release;
		};
		C199488329FF6A7B004CD4A1 /* Debug */ = {
			isa = XCBuildConfiguration;
			buildSettings = {
				ALWAYS_EMBED_SWIFT_STANDARD_LIBRARIES = YES;
				BUNDLE_LOADER = "$(TEST_HOST)";
				CODE_SIGN_STYLE = Automatic;
				CURRENT_PROJECT_VERSION = 1;
				DEVELOPMENT_TEAM = SP56HZ86QA;
				GENERATE_INFOPLIST_FILE = YES;
				IPHONEOS_DEPLOYMENT_TARGET = 16.4;
				MARKETING_VERSION = 1.0;
				PRODUCT_BUNDLE_IDENTIFIER = com.etrusted.TrustyLibTests;
				PRODUCT_NAME = "$(TARGET_NAME)";
				SWIFT_EMIT_LOC_STRINGS = NO;
				SWIFT_VERSION = 5.0;
				TARGETED_DEVICE_FAMILY = "1,2";
				TEST_HOST = "$(BUILT_PRODUCTS_DIR)/TrustyLib.app/$(BUNDLE_EXECUTABLE_FOLDER_PATH)/TrustyLib";
			};
			name = Debug;
		};
		C199488429FF6A7B004CD4A1 /* Release */ = {
			isa = XCBuildConfiguration;
			buildSettings = {
				ALWAYS_EMBED_SWIFT_STANDARD_LIBRARIES = YES;
				BUNDLE_LOADER = "$(TEST_HOST)";
				CODE_SIGN_STYLE = Automatic;
				CURRENT_PROJECT_VERSION = 1;
				DEVELOPMENT_TEAM = SP56HZ86QA;
				GENERATE_INFOPLIST_FILE = YES;
				IPHONEOS_DEPLOYMENT_TARGET = 16.4;
				MARKETING_VERSION = 1.0;
				PRODUCT_BUNDLE_IDENTIFIER = com.etrusted.TrustyLibTests;
				PRODUCT_NAME = "$(TARGET_NAME)";
				SWIFT_EMIT_LOC_STRINGS = NO;
				SWIFT_VERSION = 5.0;
				TARGETED_DEVICE_FAMILY = "1,2";
				TEST_HOST = "$(BUILT_PRODUCTS_DIR)/TrustyLib.app/$(BUNDLE_EXECUTABLE_FOLDER_PATH)/TrustyLib";
			};
			name = Release;
		};
		C199488629FF6A7B004CD4A1 /* Debug */ = {
			isa = XCBuildConfiguration;
			buildSettings = {
				ALWAYS_EMBED_SWIFT_STANDARD_LIBRARIES = YES;
				CODE_SIGN_STYLE = Automatic;
				CURRENT_PROJECT_VERSION = 1;
				DEVELOPMENT_TEAM = SP56HZ86QA;
				GENERATE_INFOPLIST_FILE = YES;
				MARKETING_VERSION = 1.0;
				PRODUCT_BUNDLE_IDENTIFIER = com.etrusted.TrustyLibUITests;
				PRODUCT_NAME = "$(TARGET_NAME)";
				SWIFT_EMIT_LOC_STRINGS = NO;
				SWIFT_VERSION = 5.0;
				TARGETED_DEVICE_FAMILY = "1,2";
				TEST_TARGET_NAME = TrustyLib;
			};
			name = Debug;
		};
		C199488729FF6A7B004CD4A1 /* Release */ = {
			isa = XCBuildConfiguration;
			buildSettings = {
				ALWAYS_EMBED_SWIFT_STANDARD_LIBRARIES = YES;
				CODE_SIGN_STYLE = Automatic;
				CURRENT_PROJECT_VERSION = 1;
				DEVELOPMENT_TEAM = SP56HZ86QA;
				GENERATE_INFOPLIST_FILE = YES;
				MARKETING_VERSION = 1.0;
				PRODUCT_BUNDLE_IDENTIFIER = com.etrusted.TrustyLibUITests;
				PRODUCT_NAME = "$(TARGET_NAME)";
				SWIFT_EMIT_LOC_STRINGS = NO;
				SWIFT_VERSION = 5.0;
				TARGETED_DEVICE_FAMILY = "1,2";
				TEST_TARGET_NAME = TrustyLib;
			};
			name = Release;
		};
/* End XCBuildConfiguration section */

/* Begin XCConfigurationList section */
		C199485629FF6A7B004CD4A1 /* Build configuration list for PBXProject "TrustyLib" */ = {
			isa = XCConfigurationList;
			buildConfigurations = (
				C199487D29FF6A7B004CD4A1 /* Debug */,
				C199487E29FF6A7B004CD4A1 /* Release */,
			);
			defaultConfigurationIsVisible = 0;
			defaultConfigurationName = Release;
		};
		C199487F29FF6A7B004CD4A1 /* Build configuration list for PBXNativeTarget "TrustyLibDemo" */ = {
			isa = XCConfigurationList;
			buildConfigurations = (
				C199488029FF6A7B004CD4A1 /* Debug */,
				C199488129FF6A7B004CD4A1 /* Release */,
			);
			defaultConfigurationIsVisible = 0;
			defaultConfigurationName = Release;
		};
		C199488229FF6A7B004CD4A1 /* Build configuration list for PBXNativeTarget "TrustyLibTests" */ = {
			isa = XCConfigurationList;
			buildConfigurations = (
				C199488329FF6A7B004CD4A1 /* Debug */,
				C199488429FF6A7B004CD4A1 /* Release */,
			);
			defaultConfigurationIsVisible = 0;
			defaultConfigurationName = Release;
		};
		C199488529FF6A7B004CD4A1 /* Build configuration list for PBXNativeTarget "TrustyLibUITests" */ = {
			isa = XCConfigurationList;
			buildConfigurations = (
				C199488629FF6A7B004CD4A1 /* Debug */,
				C199488729FF6A7B004CD4A1 /* Release */,
			);
			defaultConfigurationIsVisible = 0;
			defaultConfigurationName = Release;
		};
/* End XCConfigurationList section */

/* Begin XCRemoteSwiftPackageReference section */
		C19948A22A002157004CD4A1 /* XCRemoteSwiftPackageReference "etrusted-ios-trustbadge-library" */ = {
			isa = XCRemoteSwiftPackageReference;
			repositoryURL = "https://github.com/trustedshops-public/etrusted-ios-trustbadge-library.git";
			requirement = {
				kind = exactVersion;
				version = 1.2.1;
			};
		};
/* End XCRemoteSwiftPackageReference section */

/* Begin XCSwiftPackageProductDependency section */
		C19948A32A002157004CD4A1 /* Trustylib */ = {
			isa = XCSwiftPackageProductDependency;
			package = C19948A22A002157004CD4A1 /* XCRemoteSwiftPackageReference "etrusted-ios-trustbadge-library" */;
			productName = Trustylib;
		};
/* End XCSwiftPackageProductDependency section */
	};
	rootObject = C199485329FF6A7B004CD4A1 /* Project object */;
}
