{
  "pins" : [
    {
      "identity" : "etrusted-ios-trustbadge-library",
      "kind" : "remoteSourceControl",
      "location" : "https://github.com/trustedshops-public/etrusted-ios-trustbadge-library.git",
      "state" : {
        "revision" : "1cc4b5ac89a45e3437e8461cc0ea68e6e20d9f10",
        "version" : "1.2.3"
      }
    }
  ],
  "version" : 2
}
